
Microsoft Visual Studio Solution File, Format Version 12.00
# Visual Studio Version 16
VisualStudioVersion = 16.0.28803.352
MinimumVisualStudioVersion = 10.0.40219.1
Project("{E53339B2-1760-4266-BCC7-CA923CBCF16C}") = "docker-compose", "docker-compose.dcproj", "{4AD5B34C-CADA-44EB-9B7A-FE6118D8B184}"
EndProject
Project("{9A19103F-16F7-4668-BE54-9A1E7A4F7556}") = "Registration", "Web\Registration\Registration.csproj", "{1A5157B1-6E41-4264-BDFD-B1C5FD4D7C2A}"
EndProject
Project("{2150E333-8FDC-42A3-9474-1A3956D46DE8}") = "Services", "Services", "{AB8F4EB5-25AB-4861-AD4C-30D6F5E875F4}"
EndProject
Project("{9A19103F-16F7-4668-BE54-9A1E7A4F7556}") = "Auth", "Services\Auth\Auth.csproj", "{0DAA056B-1C66-48F6-9AFB-1FD1B780508C}"
EndProject
Project("{2150E333-8FDC-42A3-9474-1A3956D46DE8}") = "Common", "Common", "{CB1345B3-56B9-49B5-BF17-C7667C847E22}"
EndProject
Project("{9A19103F-16F7-4668-BE54-9A1E7A4F7556}") = "Helpers", "Common\Helpers\Helpers.csproj", "{FD5496AA-B2AC-4DC3-BCA7-5F4806EBAC97}"
EndProject
Project("{2150E333-8FDC-42A3-9474-1A3956D46DE8}") = "Events", "Events", "{265F1D68-8EF4-4FF7-BBBD-8E67827C5917}"
EndProject
Project("{9A19103F-16F7-4668-BE54-9A1E7A4F7556}") = "OcelotApiGw", "ApiGateways\OcelotApiGw\OcelotApiGw.csproj", "{263B597E-B105-490F-A5D8-4C63DE87D4A3}"
EndProject
Project("{2150E333-8FDC-42A3-9474-1A3956D46DE8}") = "Web", "Web", "{3D89A524-F654-4222-8FE3-E999BABBE5E7}"
EndProject
Project("{2150E333-8FDC-42A3-9474-1A3956D46DE8}") = "Account", "Account", "{9FE84EAE-F3DE-4C82-B6CB-AD9C063A4519}"
EndProject
Project("{9A19103F-16F7-4668-BE54-9A1E7A4F7556}") = "Account.API", "Services\Account\Account.API\Account.API.csproj", "{3EDFA0F1-89E8-4B26-9C29-9D854EFAC658}"
EndProject
Project("{9A19103F-16F7-4668-BE54-9A1E7A4F7556}") = "EventBus", "Common\Events\EventBus\EventBus.csproj", "{E84F5F2A-7648-47C6-A266-A06B82FA2606}"
EndProject
Project("{9A19103F-16F7-4668-BE54-9A1E7A4F7556}") = "EventBusRabbitMQ", "Common\Events\EventBusRabbitMQ\EventBusRabbitMQ.csproj", "{F17731F1-5360-46A2-9D41-A3674519672E}"
EndProject
Project("{9A19103F-16F7-4668-BE54-9A1E7A4F7556}") = "AngularSPA", "Web\AngularSPA\AngularSPA.csproj", "{C74EF121-95AD-40D5-94A1-5DE7688F6B52}"
EndProject
Project("{2150E333-8FDC-42A3-9474-1A3956D46DE8}") = "ApiGateways", "ApiGateways", "{A86F1E38-3B9D-441A-984F-F0FB56463590}"
EndProject
Project("{2150E333-8FDC-42A3-9474-1A3956D46DE8}") = "Account", "Account", "{EE4DA81F-F62C-4215-B590-5787306E987A}"
EndProject
Project("{2150E333-8FDC-42A3-9474-1A3956D46DE8}") = "apigw", "apigw", "{1B5673C1-A3FF-40C9-8389-AAB441B7B450}"
	ProjectSection(SolutionItems) = preProject
		ApiGateways\Account\apigw\configuration.json = ApiGateways\Account\apigw\configuration.json
	EndProjectSection
EndProject
Project("{9A19103F-16F7-4668-BE54-9A1E7A4F7556}") = "Account.FunctionalTests", "Services\Account\Account.FunctionalTests\Account.FunctionalTests.csproj", "{AB55DA95-49F9-4882-80B4-CB255D2DDECD}"
EndProject
Project("{2150E333-8FDC-42A3-9474-1A3956D46DE8}") = "Users", "Users", "{6C24E1FD-EF6B-48DC-BA20-9BFDB5341D3B}"
EndProject
Project("{2150E333-8FDC-42A3-9474-1A3956D46DE8}") = "Users", "Users", "{4C38EDFD-B06C-45DB-BBF4-99C6867471A7}"
EndProject
Project("{2150E333-8FDC-42A3-9474-1A3956D46DE8}") = "apigw", "apigw", "{8F8BBB9F-738A-44B6-A191-65E3182F70FE}"
	ProjectSection(SolutionItems) = preProject
		ApiGateways\Users\apigw\configuration.json = ApiGateways\Users\apigw\configuration.json
	EndProjectSection
EndProject
Project("{9A19103F-16F7-4668-BE54-9A1E7A4F7556}") = "EventBus.Tests", "Common\Events\EventBus.Tests\EventBus.Tests.csproj", "{3BB0EFE3-F601-431E-9231-404D99B0A0CC}"
EndProject
Project("{9A19103F-16F7-4668-BE54-9A1E7A4F7556}") = "Helpers.UnitTests", "Common\Helpers.UnitTests\Helpers.UnitTests.csproj", "{471153B4-FC58-410A-8FAA-9EFDA0FD7D65}"
EndProject
Project("{9A19103F-16F7-4668-BE54-9A1E7A4F7556}") = "Users.Domain", "Services\Users\Users.Domain\Users.Domain.csproj", "{E70BE294-5EEF-4501-8763-C10F6D14318C}"
EndProject
Project("{9A19103F-16F7-4668-BE54-9A1E7A4F7556}") = "Users.Infrastructure", "Services\Users\Users.Infrastructure\Users.Infrastructure.csproj", "{4B7E6CA0-AA2A-4791-8222-1D8476F81A5A}"
EndProject
Project("{9A19103F-16F7-4668-BE54-9A1E7A4F7556}") = "Users.API", "Services\Users\Users.API\Users.API.csproj", "{E6CED468-A1FD-410F-B975-1D84A0C762ED}"
EndProject
Project("{9A19103F-16F7-4668-BE54-9A1E7A4F7556}") = "Users.FunctionalTests", "Services\Users\Users.FunctionalTests\Users.FunctionalTests.csproj", "{CA890D8C-329C-4485-86C2-6E4D0FA9AE23}"
EndProject
Project("{9A19103F-16F7-4668-BE54-9A1E7A4F7556}") = "Messaging", "Services\Messaging\Messaging.csproj", "{2AE70239-5011-469F-931B-16216CF4F46D}"
EndProject
Project("{2150E333-8FDC-42A3-9474-1A3956D46DE8}") = "Session", "Session", "{E465077E-1318-4096-92C1-1CE56D597B1A}"
EndProject
Project("{9A19103F-16F7-4668-BE54-9A1E7A4F7556}") = "Session.API", "Services\Session\Session.API\Session.API.csproj", "{040A2A1E-F772-4186-AADC-7AFA3D4FD415}"
EndProject
Project("{2150E333-8FDC-42A3-9474-1A3956D46DE8}") = "Session", "Session", "{A0B8F056-9D19-4DD1-91D9-BD3AF762F7E4}"
EndProject
Project("{2150E333-8FDC-42A3-9474-1A3956D46DE8}") = "apigw", "apigw", "{323D3D88-7408-4D3B-9195-AC0825FE3AB1}"
	ProjectSection(SolutionItems) = preProject
		ApiGateways\Session\apigw\configuration.json = ApiGateways\Session\apigw\configuration.json
	EndProjectSection
EndProject
Project("{9A19103F-16F7-4668-BE54-9A1E7A4F7556}") = "Users.API.Client", "Services\Users\Users.API.Client\Users.API.Client.csproj", "{BB995BBA-8B98-4DFD-95C6-F1CE513F152E}"
EndProject
Project("{2150E333-8FDC-42A3-9474-1A3956D46DE8}") = "Chats", "Chats", "{418720A6-8A7E-4008-878B-FDE5E4C878C2}"
EndProject
Project("{9A19103F-16F7-4668-BE54-9A1E7A4F7556}") = "Chats.Api", "Services\Chats\Chats.Api\Chats.Api.csproj", "{71B18212-B4D4-446C-84C7-EE53CB06461C}"
EndProject
Project("{9A19103F-16F7-4668-BE54-9A1E7A4F7556}") = "Chats.Domain", "Services\Chats\Chats.Domain\Chats.Domain.csproj", "{2FF23CE9-585B-4DEB-BA87-29E3337C2A3E}"
EndProject
Project("{9A19103F-16F7-4668-BE54-9A1E7A4F7556}") = "Chats.Infrastructure", "Services\Chats\Chats.Infrastructure\Chats.Infrastructure.csproj", "{0C4C5CDD-3713-433D-9083-FE0283583986}"
EndProject
Project("{9A19103F-16F7-4668-BE54-9A1E7A4F7556}") = "Chats.FunctionalTests", "Services\Chats\Chats.FunctionalTests\Chats.FunctionalTests.csproj", "{3D6EC3F9-1CD4-4341-AFB2-61041E9842DD}"
EndProject
Project("{9A19103F-16F7-4668-BE54-9A1E7A4F7556}") = "Users.UnitTests", "Services\Users\Users.UnitTests\Users.UnitTests.csproj", "{ABD9BDFE-AC61-4CCE-9806-98D6D575299C}"
EndProject
Project("{2150E333-8FDC-42A3-9474-1A3956D46DE8}") = "Chats", "Chats", "{23F87918-8304-437D-ACE7-4B3FDE02978B}"
EndProject
Project("{2150E333-8FDC-42A3-9474-1A3956D46DE8}") = "apigw", "apigw", "{78595EDE-CBA3-41F1-A69F-FC45FCE107B5}"
	ProjectSection(SolutionItems) = preProject
		ApiGateways\Users\apigw\configuration.json = ApiGateways\Users\apigw\configuration.json
	EndProjectSection
EndProject
Global
	GlobalSection(SolutionConfigurationPlatforms) = preSolution
		Debug|Any CPU = Debug|Any CPU
		Release|Any CPU = Release|Any CPU
	EndGlobalSection
	GlobalSection(ProjectConfigurationPlatforms) = postSolution
		{4AD5B34C-CADA-44EB-9B7A-FE6118D8B184}.Debug|Any CPU.ActiveCfg = Debug|Any CPU
		{4AD5B34C-CADA-44EB-9B7A-FE6118D8B184}.Debug|Any CPU.Build.0 = Debug|Any CPU
		{4AD5B34C-CADA-44EB-9B7A-FE6118D8B184}.Release|Any CPU.ActiveCfg = Release|Any CPU
		{4AD5B34C-CADA-44EB-9B7A-FE6118D8B184}.Release|Any CPU.Build.0 = Release|Any CPU
		{1A5157B1-6E41-4264-BDFD-B1C5FD4D7C2A}.Debug|Any CPU.ActiveCfg = Debug|Any CPU
		{1A5157B1-6E41-4264-BDFD-B1C5FD4D7C2A}.Debug|Any CPU.Build.0 = Debug|Any CPU
		{1A5157B1-6E41-4264-BDFD-B1C5FD4D7C2A}.Release|Any CPU.ActiveCfg = Release|Any CPU
		{1A5157B1-6E41-4264-BDFD-B1C5FD4D7C2A}.Release|Any CPU.Build.0 = Release|Any CPU
		{0DAA056B-1C66-48F6-9AFB-1FD1B780508C}.Debug|Any CPU.ActiveCfg = Debug|Any CPU
		{0DAA056B-1C66-48F6-9AFB-1FD1B780508C}.Debug|Any CPU.Build.0 = Debug|Any CPU
		{0DAA056B-1C66-48F6-9AFB-1FD1B780508C}.Release|Any CPU.ActiveCfg = Release|Any CPU
		{0DAA056B-1C66-48F6-9AFB-1FD1B780508C}.Release|Any CPU.Build.0 = Release|Any CPU
		{FD5496AA-B2AC-4DC3-BCA7-5F4806EBAC97}.Debug|Any CPU.ActiveCfg = Debug|Any CPU
		{FD5496AA-B2AC-4DC3-BCA7-5F4806EBAC97}.Debug|Any CPU.Build.0 = Debug|Any CPU
		{FD5496AA-B2AC-4DC3-BCA7-5F4806EBAC97}.Release|Any CPU.ActiveCfg = Release|Any CPU
		{FD5496AA-B2AC-4DC3-BCA7-5F4806EBAC97}.Release|Any CPU.Build.0 = Release|Any CPU
		{263B597E-B105-490F-A5D8-4C63DE87D4A3}.Debug|Any CPU.ActiveCfg = Debug|Any CPU
		{263B597E-B105-490F-A5D8-4C63DE87D4A3}.Debug|Any CPU.Build.0 = Debug|Any CPU
		{263B597E-B105-490F-A5D8-4C63DE87D4A3}.Release|Any CPU.ActiveCfg = Release|Any CPU
		{263B597E-B105-490F-A5D8-4C63DE87D4A3}.Release|Any CPU.Build.0 = Release|Any CPU
		{3EDFA0F1-89E8-4B26-9C29-9D854EFAC658}.Debug|Any CPU.ActiveCfg = Debug|Any CPU
		{3EDFA0F1-89E8-4B26-9C29-9D854EFAC658}.Debug|Any CPU.Build.0 = Debug|Any CPU
		{3EDFA0F1-89E8-4B26-9C29-9D854EFAC658}.Release|Any CPU.ActiveCfg = Release|Any CPU
		{3EDFA0F1-89E8-4B26-9C29-9D854EFAC658}.Release|Any CPU.Build.0 = Release|Any CPU
		{E84F5F2A-7648-47C6-A266-A06B82FA2606}.Debug|Any CPU.ActiveCfg = Debug|Any CPU
		{E84F5F2A-7648-47C6-A266-A06B82FA2606}.Debug|Any CPU.Build.0 = Debug|Any CPU
		{E84F5F2A-7648-47C6-A266-A06B82FA2606}.Release|Any CPU.ActiveCfg = Release|Any CPU
		{E84F5F2A-7648-47C6-A266-A06B82FA2606}.Release|Any CPU.Build.0 = Release|Any CPU
		{F17731F1-5360-46A2-9D41-A3674519672E}.Debug|Any CPU.ActiveCfg = Debug|Any CPU
		{F17731F1-5360-46A2-9D41-A3674519672E}.Debug|Any CPU.Build.0 = Debug|Any CPU
		{F17731F1-5360-46A2-9D41-A3674519672E}.Release|Any CPU.ActiveCfg = Release|Any CPU
		{F17731F1-5360-46A2-9D41-A3674519672E}.Release|Any CPU.Build.0 = Release|Any CPU
		{C74EF121-95AD-40D5-94A1-5DE7688F6B52}.Debug|Any CPU.ActiveCfg = Debug|Any CPU
		{C74EF121-95AD-40D5-94A1-5DE7688F6B52}.Debug|Any CPU.Build.0 = Debug|Any CPU
		{C74EF121-95AD-40D5-94A1-5DE7688F6B52}.Release|Any CPU.ActiveCfg = Release|Any CPU
		{C74EF121-95AD-40D5-94A1-5DE7688F6B52}.Release|Any CPU.Build.0 = Release|Any CPU
		{AB55DA95-49F9-4882-80B4-CB255D2DDECD}.Debug|Any CPU.ActiveCfg = Debug|Any CPU
		{AB55DA95-49F9-4882-80B4-CB255D2DDECD}.Debug|Any CPU.Build.0 = Debug|Any CPU
		{AB55DA95-49F9-4882-80B4-CB255D2DDECD}.Release|Any CPU.ActiveCfg = Release|Any CPU
		{AB55DA95-49F9-4882-80B4-CB255D2DDECD}.Release|Any CPU.Build.0 = Release|Any CPU
		{3BB0EFE3-F601-431E-9231-404D99B0A0CC}.Debug|Any CPU.ActiveCfg = Debug|Any CPU
		{3BB0EFE3-F601-431E-9231-404D99B0A0CC}.Debug|Any CPU.Build.0 = Debug|Any CPU
		{3BB0EFE3-F601-431E-9231-404D99B0A0CC}.Release|Any CPU.ActiveCfg = Release|Any CPU
		{3BB0EFE3-F601-431E-9231-404D99B0A0CC}.Release|Any CPU.Build.0 = Release|Any CPU
		{471153B4-FC58-410A-8FAA-9EFDA0FD7D65}.Debug|Any CPU.ActiveCfg = Debug|Any CPU
		{471153B4-FC58-410A-8FAA-9EFDA0FD7D65}.Debug|Any CPU.Build.0 = Debug|Any CPU
		{471153B4-FC58-410A-8FAA-9EFDA0FD7D65}.Release|Any CPU.ActiveCfg = Release|Any CPU
		{471153B4-FC58-410A-8FAA-9EFDA0FD7D65}.Release|Any CPU.Build.0 = Release|Any CPU
		{E70BE294-5EEF-4501-8763-C10F6D14318C}.Debug|Any CPU.ActiveCfg = Debug|Any CPU
		{E70BE294-5EEF-4501-8763-C10F6D14318C}.Debug|Any CPU.Build.0 = Debug|Any CPU
		{E70BE294-5EEF-4501-8763-C10F6D14318C}.Release|Any CPU.ActiveCfg = Release|Any CPU
		{E70BE294-5EEF-4501-8763-C10F6D14318C}.Release|Any CPU.Build.0 = Release|Any CPU
		{4B7E6CA0-AA2A-4791-8222-1D8476F81A5A}.Debug|Any CPU.ActiveCfg = Debug|Any CPU
		{4B7E6CA0-AA2A-4791-8222-1D8476F81A5A}.Debug|Any CPU.Build.0 = Debug|Any CPU
		{4B7E6CA0-AA2A-4791-8222-1D8476F81A5A}.Release|Any CPU.ActiveCfg = Release|Any CPU
		{4B7E6CA0-AA2A-4791-8222-1D8476F81A5A}.Release|Any CPU.Build.0 = Release|Any CPU
		{E6CED468-A1FD-410F-B975-1D84A0C762ED}.Debug|Any CPU.ActiveCfg = Debug|Any CPU
		{E6CED468-A1FD-410F-B975-1D84A0C762ED}.Debug|Any CPU.Build.0 = Debug|Any CPU
		{E6CED468-A1FD-410F-B975-1D84A0C762ED}.Release|Any CPU.ActiveCfg = Release|Any CPU
		{E6CED468-A1FD-410F-B975-1D84A0C762ED}.Release|Any CPU.Build.0 = Release|Any CPU
		{CA890D8C-329C-4485-86C2-6E4D0FA9AE23}.Debug|Any CPU.ActiveCfg = Debug|Any CPU
		{CA890D8C-329C-4485-86C2-6E4D0FA9AE23}.Debug|Any CPU.Build.0 = Debug|Any CPU
		{CA890D8C-329C-4485-86C2-6E4D0FA9AE23}.Release|Any CPU.ActiveCfg = Release|Any CPU
		{CA890D8C-329C-4485-86C2-6E4D0FA9AE23}.Release|Any CPU.Build.0 = Release|Any CPU
		{2AE70239-5011-469F-931B-16216CF4F46D}.Debug|Any CPU.ActiveCfg = Debug|Any CPU
		{2AE70239-5011-469F-931B-16216CF4F46D}.Debug|Any CPU.Build.0 = Debug|Any CPU
		{2AE70239-5011-469F-931B-16216CF4F46D}.Release|Any CPU.ActiveCfg = Release|Any CPU
		{2AE70239-5011-469F-931B-16216CF4F46D}.Release|Any CPU.Build.0 = Release|Any CPU
		{040A2A1E-F772-4186-AADC-7AFA3D4FD415}.Debug|Any CPU.ActiveCfg = Debug|Any CPU
		{040A2A1E-F772-4186-AADC-7AFA3D4FD415}.Debug|Any CPU.Build.0 = Debug|Any CPU
		{040A2A1E-F772-4186-AADC-7AFA3D4FD415}.Release|Any CPU.ActiveCfg = Release|Any CPU
		{040A2A1E-F772-4186-AADC-7AFA3D4FD415}.Release|Any CPU.Build.0 = Release|Any CPU
		{BB995BBA-8B98-4DFD-95C6-F1CE513F152E}.Debug|Any CPU.ActiveCfg = Debug|Any CPU
		{BB995BBA-8B98-4DFD-95C6-F1CE513F152E}.Debug|Any CPU.Build.0 = Debug|Any CPU
		{BB995BBA-8B98-4DFD-95C6-F1CE513F152E}.Release|Any CPU.ActiveCfg = Release|Any CPU
		{BB995BBA-8B98-4DFD-95C6-F1CE513F152E}.Release|Any CPU.Build.0 = Release|Any CPU
		{71B18212-B4D4-446C-84C7-EE53CB06461C}.Debug|Any CPU.ActiveCfg = Debug|Any CPU
		{71B18212-B4D4-446C-84C7-EE53CB06461C}.Debug|Any CPU.Build.0 = Debug|Any CPU
		{71B18212-B4D4-446C-84C7-EE53CB06461C}.Release|Any CPU.ActiveCfg = Release|Any CPU
		{71B18212-B4D4-446C-84C7-EE53CB06461C}.Release|Any CPU.Build.0 = Release|Any CPU
		{2FF23CE9-585B-4DEB-BA87-29E3337C2A3E}.Debug|Any CPU.ActiveCfg = Debug|Any CPU
		{2FF23CE9-585B-4DEB-BA87-29E3337C2A3E}.Debug|Any CPU.Build.0 = Debug|Any CPU
		{2FF23CE9-585B-4DEB-BA87-29E3337C2A3E}.Release|Any CPU.ActiveCfg = Release|Any CPU
		{2FF23CE9-585B-4DEB-BA87-29E3337C2A3E}.Release|Any CPU.Build.0 = Release|Any CPU
		{0C4C5CDD-3713-433D-9083-FE0283583986}.Debug|Any CPU.ActiveCfg = Debug|Any CPU
		{0C4C5CDD-3713-433D-9083-FE0283583986}.Debug|Any CPU.Build.0 = Debug|Any CPU
		{0C4C5CDD-3713-433D-9083-FE0283583986}.Release|Any CPU.ActiveCfg = Release|Any CPU
		{0C4C5CDD-3713-433D-9083-FE0283583986}.Release|Any CPU.Build.0 = Release|Any CPU
		{3D6EC3F9-1CD4-4341-AFB2-61041E9842DD}.Debug|Any CPU.ActiveCfg = Debug|Any CPU
		{3D6EC3F9-1CD4-4341-AFB2-61041E9842DD}.Debug|Any CPU.Build.0 = Debug|Any CPU
		{3D6EC3F9-1CD4-4341-AFB2-61041E9842DD}.Release|Any CPU.ActiveCfg = Release|Any CPU
		{3D6EC3F9-1CD4-4341-AFB2-61041E9842DD}.Release|Any CPU.Build.0 = Release|Any CPU
		{ABD9BDFE-AC61-4CCE-9806-98D6D575299C}.Debug|Any CPU.ActiveCfg = Debug|Any CPU
		{ABD9BDFE-AC61-4CCE-9806-98D6D575299C}.Debug|Any CPU.Build.0 = Debug|Any CPU
		{ABD9BDFE-AC61-4CCE-9806-98D6D575299C}.Release|Any CPU.ActiveCfg = Release|Any CPU
		{ABD9BDFE-AC61-4CCE-9806-98D6D575299C}.Release|Any CPU.Build.0 = Release|Any CPU
	EndGlobalSection
	GlobalSection(SolutionProperties) = preSolution
		HideSolutionNode = FALSE
	EndGlobalSection
	GlobalSection(NestedProjects) = preSolution
		{1A5157B1-6E41-4264-BDFD-B1C5FD4D7C2A} = {3D89A524-F654-4222-8FE3-E999BABBE5E7}
		{0DAA056B-1C66-48F6-9AFB-1FD1B780508C} = {AB8F4EB5-25AB-4861-AD4C-30D6F5E875F4}
		{FD5496AA-B2AC-4DC3-BCA7-5F4806EBAC97} = {CB1345B3-56B9-49B5-BF17-C7667C847E22}
		{265F1D68-8EF4-4FF7-BBBD-8E67827C5917} = {CB1345B3-56B9-49B5-BF17-C7667C847E22}
		{263B597E-B105-490F-A5D8-4C63DE87D4A3} = {A86F1E38-3B9D-441A-984F-F0FB56463590}
		{9FE84EAE-F3DE-4C82-B6CB-AD9C063A4519} = {AB8F4EB5-25AB-4861-AD4C-30D6F5E875F4}
		{3EDFA0F1-89E8-4B26-9C29-9D854EFAC658} = {9FE84EAE-F3DE-4C82-B6CB-AD9C063A4519}
		{E84F5F2A-7648-47C6-A266-A06B82FA2606} = {265F1D68-8EF4-4FF7-BBBD-8E67827C5917}
		{F17731F1-5360-46A2-9D41-A3674519672E} = {265F1D68-8EF4-4FF7-BBBD-8E67827C5917}
		{C74EF121-95AD-40D5-94A1-5DE7688F6B52} = {3D89A524-F654-4222-8FE3-E999BABBE5E7}
		{EE4DA81F-F62C-4215-B590-5787306E987A} = {A86F1E38-3B9D-441A-984F-F0FB56463590}
		{1B5673C1-A3FF-40C9-8389-AAB441B7B450} = {EE4DA81F-F62C-4215-B590-5787306E987A}
		{AB55DA95-49F9-4882-80B4-CB255D2DDECD} = {9FE84EAE-F3DE-4C82-B6CB-AD9C063A4519}
		{6C24E1FD-EF6B-48DC-BA20-9BFDB5341D3B} = {AB8F4EB5-25AB-4861-AD4C-30D6F5E875F4}
		{4C38EDFD-B06C-45DB-BBF4-99C6867471A7} = {A86F1E38-3B9D-441A-984F-F0FB56463590}
		{8F8BBB9F-738A-44B6-A191-65E3182F70FE} = {4C38EDFD-B06C-45DB-BBF4-99C6867471A7}
		{3BB0EFE3-F601-431E-9231-404D99B0A0CC} = {265F1D68-8EF4-4FF7-BBBD-8E67827C5917}
		{471153B4-FC58-410A-8FAA-9EFDA0FD7D65} = {CB1345B3-56B9-49B5-BF17-C7667C847E22}
		{E70BE294-5EEF-4501-8763-C10F6D14318C} = {6C24E1FD-EF6B-48DC-BA20-9BFDB5341D3B}
		{4B7E6CA0-AA2A-4791-8222-1D8476F81A5A} = {6C24E1FD-EF6B-48DC-BA20-9BFDB5341D3B}
		{E6CED468-A1FD-410F-B975-1D84A0C762ED} = {6C24E1FD-EF6B-48DC-BA20-9BFDB5341D3B}
		{CA890D8C-329C-4485-86C2-6E4D0FA9AE23} = {6C24E1FD-EF6B-48DC-BA20-9BFDB5341D3B}
		{2AE70239-5011-469F-931B-16216CF4F46D} = {AB8F4EB5-25AB-4861-AD4C-30D6F5E875F4}
		{E465077E-1318-4096-92C1-1CE56D597B1A} = {AB8F4EB5-25AB-4861-AD4C-30D6F5E875F4}
		{040A2A1E-F772-4186-AADC-7AFA3D4FD415} = {E465077E-1318-4096-92C1-1CE56D597B1A}
		{A0B8F056-9D19-4DD1-91D9-BD3AF762F7E4} = {A86F1E38-3B9D-441A-984F-F0FB56463590}
		{323D3D88-7408-4D3B-9195-AC0825FE3AB1} = {A0B8F056-9D19-4DD1-91D9-BD3AF762F7E4}
		{BB995BBA-8B98-4DFD-95C6-F1CE513F152E} = {6C24E1FD-EF6B-48DC-BA20-9BFDB5341D3B}
		{418720A6-8A7E-4008-878B-FDE5E4C878C2} = {AB8F4EB5-25AB-4861-AD4C-30D6F5E875F4}
		{71B18212-B4D4-446C-84C7-EE53CB06461C} = {418720A6-8A7E-4008-878B-FDE5E4C878C2}
		{2FF23CE9-585B-4DEB-BA87-29E3337C2A3E} = {418720A6-8A7E-4008-878B-FDE5E4C878C2}
		{0C4C5CDD-3713-433D-9083-FE0283583986} = {418720A6-8A7E-4008-878B-FDE5E4C878C2}
		{3D6EC3F9-1CD4-4341-AFB2-61041E9842DD} = {418720A6-8A7E-4008-878B-FDE5E4C878C2}
		{ABD9BDFE-AC61-4CCE-9806-98D6D575299C} = {6C24E1FD-EF6B-48DC-BA20-9BFDB5341D3B}
		{23F87918-8304-437D-ACE7-4B3FDE02978B} = {A86F1E38-3B9D-441A-984F-F0FB56463590}
		{78595EDE-CBA3-41F1-A69F-FC45FCE107B5} = {23F87918-8304-437D-ACE7-4B3FDE02978B}
	EndGlobalSection
	GlobalSection(ExtensibilityGlobals) = postSolution
		SolutionGuid = {576D061A-08BD-48E3-B064-23BEF5036C89}
	EndGlobalSection
EndGlobal
