
Microsoft Visual Studio Solution File, Format Version 12.00
# Visual Studio Version 16
VisualStudioVersion = 16.0.28803.352
MinimumVisualStudioVersion = 10.0.40219.1
Project("{E53339B2-1760-4266-BCC7-CA923CBCF16C}") = "docker-compose", "docker-compose.dcproj", "{4AD5B34C-CADA-44EB-9B7A-FE6118D8B184}"
EndProject
Project("{9A19103F-16F7-4668-BE54-9A1E7A4F7556}") = "Registration", "Web\Registration\Registration.csproj", "{1A5157B1-6E41-4264-BDFD-B1C5FD4D7C2A}"
EndProject
Project("{2150E333-8FDC-42A3-9474-1A3956D46DE8}") = "Services", "Services", "{AB8F4EB5-25AB-4861-AD4C-30D6F5E875F4}"
EndProject
Project("{9A19103F-16F7-4668-BE54-9A1E7A4F7556}") = "Auth", "Services\Auth\Auth.csproj", "{0DAA056B-1C66-48F6-9AFB-1FD1B780508C}"
EndProject
Project("{2150E333-8FDC-42A3-9474-1A3956D46DE8}") = "Common", "Common", "{CB1345B3-56B9-49B5-BF17-C7667C847E22}"
EndProject
Project("{9A19103F-16F7-4668-BE54-9A1E7A4F7556}") = "Helpers", "Common\Helpers\Helpers.csproj", "{FD5496AA-B2AC-4DC3-BCA7-5F4806EBAC97}"
EndProject
Project("{2150E333-8FDC-42A3-9474-1A3956D46DE8}") = "Events", "Events", "{265F1D68-8EF4-4FF7-BBBD-8E67827C5917}"
EndProject
Project("{9A19103F-16F7-4668-BE54-9A1E7A4F7556}") = "EventBus.Tests", "Common\Events\EventBus.Tests\EventBus.Tests.csproj", "{852C9383-DE81-419B-9194-C9D46126F571}"
EndProject
Project("{9A19103F-16F7-4668-BE54-9A1E7A4F7556}") = "OcelotApiGw", "ApiGateways\OcelotApiGw\OcelotApiGw.csproj", "{263B597E-B105-490F-A5D8-4C63DE87D4A3}"
EndProject
Project("{2150E333-8FDC-42A3-9474-1A3956D46DE8}") = "Web", "Web", "{3D89A524-F654-4222-8FE3-E999BABBE5E7}"
EndProject
Project("{2150E333-8FDC-42A3-9474-1A3956D46DE8}") = "Users", "Users", "{9FE84EAE-F3DE-4C82-B6CB-AD9C063A4519}"
EndProject
Project("{9A19103F-16F7-4668-BE54-9A1E7A4F7556}") = "Users.API", "Services\Users\Users.API\Users.API.csproj", "{3EDFA0F1-89E8-4B26-9C29-9D854EFAC658}"
EndProject
Project("{9A19103F-16F7-4668-BE54-9A1E7A4F7556}") = "EventBus", "Common\Events\EventBus\EventBus.csproj", "{E84F5F2A-7648-47C6-A266-A06B82FA2606}"
EndProject
Project("{9A19103F-16F7-4668-BE54-9A1E7A4F7556}") = "EventBusRabbitMQ", "Common\Events\EventBusRabbitMQ\EventBusRabbitMQ.csproj", "{F17731F1-5360-46A2-9D41-A3674519672E}"
EndProject
Project("{9A19103F-16F7-4668-BE54-9A1E7A4F7556}") = "AngularSPA", "Web\AngularSPA\AngularSPA.csproj", "{C74EF121-95AD-40D5-94A1-5DE7688F6B52}"
EndProject
Project("{2150E333-8FDC-42A3-9474-1A3956D46DE8}") = "Configuration", "Configuration", "{BED64075-6785-4BDA-A860-67649D5D772B}"
EndProject
Project("{9A19103F-16F7-4668-BE54-9A1E7A4F7556}") = "Configuration.API", "Services\Configuration\Configuration.API\Configuration.API.csproj", "{E53DFB8C-E7E2-475D-B1E5-C10677A1705E}"
EndProject
Project("{2150E333-8FDC-42A3-9474-1A3956D46DE8}") = "ApiGateways", "ApiGateways", "{A86F1E38-3B9D-441A-984F-F0FB56463590}"
EndProject
Project("{2150E333-8FDC-42A3-9474-1A3956D46DE8}") = "Users", "Users", "{EE4DA81F-F62C-4215-B590-5787306E987A}"
EndProject
Project("{2150E333-8FDC-42A3-9474-1A3956D46DE8}") = "apigw", "apigw", "{1B5673C1-A3FF-40C9-8389-AAB441B7B450}"
	ProjectSection(SolutionItems) = preProject
		ApiGateways\Users\apigw\configuration.json = ApiGateways\Users\apigw\configuration.json
	EndProjectSection
EndProject
Project("{9A19103F-16F7-4668-BE54-9A1E7A4F7556}") = "Users.FunctionalTests", "Services\Users\Users.FunctionalTests\Users.FunctionalTests.csproj", "{AB55DA95-49F9-4882-80B4-CB255D2DDECD}"
EndProject
Project("{2150E333-8FDC-42A3-9474-1A3956D46DE8}") = "Associations", "Associations", "{6C24E1FD-EF6B-48DC-BA20-9BFDB5341D3B}"
EndProject
Project("{2150E333-8FDC-42A3-9474-1A3956D46DE8}") = "Chats", "Chats", "{816ED291-6C2E-412C-BF35-B9965FC9999B}"
EndProject
Project("{FAE04EC0-301F-11D3-BF4B-00C04F79EFBC}") = "Associations.API", "Services\Associations\Associations.API\Associations.API.csproj", "{D52FCD33-CCAD-4F89-8784-A094FCFAB08E}"
EndProject
Project("{FAE04EC0-301F-11D3-BF4B-00C04F79EFBC}") = "Associations.Domain", "Services\Associations\Associations.Domain\Associations.Domain.csproj", "{FD9D6F9F-D40E-497C-9775-F4D759D94FB7}"
EndProject
Project("{FAE04EC0-301F-11D3-BF4B-00C04F79EFBC}") = "Associations.Infrastructure", "Services\Associations\Associations.Infrastructure\Associations.Infrastructure.csproj", "{0B4EFE49-A640-4F17-BBC5-EA1ACB46586A}"
EndProject
Global
	GlobalSection(SolutionConfigurationPlatforms) = preSolution
		Debug|Any CPU = Debug|Any CPU
		Release|Any CPU = Release|Any CPU
	EndGlobalSection
	GlobalSection(ProjectConfigurationPlatforms) = postSolution
		{4AD5B34C-CADA-44EB-9B7A-FE6118D8B184}.Debug|Any CPU.ActiveCfg = Debug|Any CPU
		{4AD5B34C-CADA-44EB-9B7A-FE6118D8B184}.Debug|Any CPU.Build.0 = Debug|Any CPU
		{4AD5B34C-CADA-44EB-9B7A-FE6118D8B184}.Release|Any CPU.ActiveCfg = Release|Any CPU
		{4AD5B34C-CADA-44EB-9B7A-FE6118D8B184}.Release|Any CPU.Build.0 = Release|Any CPU
		{1A5157B1-6E41-4264-BDFD-B1C5FD4D7C2A}.Debug|Any CPU.ActiveCfg = Debug|Any CPU
		{1A5157B1-6E41-4264-BDFD-B1C5FD4D7C2A}.Debug|Any CPU.Build.0 = Debug|Any CPU
		{1A5157B1-6E41-4264-BDFD-B1C5FD4D7C2A}.Release|Any CPU.ActiveCfg = Release|Any CPU
		{1A5157B1-6E41-4264-BDFD-B1C5FD4D7C2A}.Release|Any CPU.Build.0 = Release|Any CPU
		{0DAA056B-1C66-48F6-9AFB-1FD1B780508C}.Debug|Any CPU.ActiveCfg = Debug|Any CPU
		{0DAA056B-1C66-48F6-9AFB-1FD1B780508C}.Debug|Any CPU.Build.0 = Debug|Any CPU
		{0DAA056B-1C66-48F6-9AFB-1FD1B780508C}.Release|Any CPU.ActiveCfg = Release|Any CPU
		{0DAA056B-1C66-48F6-9AFB-1FD1B780508C}.Release|Any CPU.Build.0 = Release|Any CPU
		{FD5496AA-B2AC-4DC3-BCA7-5F4806EBAC97}.Debug|Any CPU.ActiveCfg = Debug|Any CPU
		{FD5496AA-B2AC-4DC3-BCA7-5F4806EBAC97}.Debug|Any CPU.Build.0 = Debug|Any CPU
		{FD5496AA-B2AC-4DC3-BCA7-5F4806EBAC97}.Release|Any CPU.ActiveCfg = Release|Any CPU
		{FD5496AA-B2AC-4DC3-BCA7-5F4806EBAC97}.Release|Any CPU.Build.0 = Release|Any CPU
		{852C9383-DE81-419B-9194-C9D46126F571}.Debug|Any CPU.ActiveCfg = Debug|Any CPU
		{852C9383-DE81-419B-9194-C9D46126F571}.Debug|Any CPU.Build.0 = Debug|Any CPU
		{852C9383-DE81-419B-9194-C9D46126F571}.Release|Any CPU.ActiveCfg = Release|Any CPU
		{852C9383-DE81-419B-9194-C9D46126F571}.Release|Any CPU.Build.0 = Release|Any CPU
		{263B597E-B105-490F-A5D8-4C63DE87D4A3}.Debug|Any CPU.ActiveCfg = Debug|Any CPU
		{263B597E-B105-490F-A5D8-4C63DE87D4A3}.Debug|Any CPU.Build.0 = Debug|Any CPU
		{263B597E-B105-490F-A5D8-4C63DE87D4A3}.Release|Any CPU.ActiveCfg = Release|Any CPU
		{263B597E-B105-490F-A5D8-4C63DE87D4A3}.Release|Any CPU.Build.0 = Release|Any CPU
		{3EDFA0F1-89E8-4B26-9C29-9D854EFAC658}.Debug|Any CPU.ActiveCfg = Debug|Any CPU
		{3EDFA0F1-89E8-4B26-9C29-9D854EFAC658}.Debug|Any CPU.Build.0 = Debug|Any CPU
		{3EDFA0F1-89E8-4B26-9C29-9D854EFAC658}.Release|Any CPU.ActiveCfg = Release|Any CPU
		{3EDFA0F1-89E8-4B26-9C29-9D854EFAC658}.Release|Any CPU.Build.0 = Release|Any CPU
		{E84F5F2A-7648-47C6-A266-A06B82FA2606}.Debug|Any CPU.ActiveCfg = Debug|Any CPU
		{E84F5F2A-7648-47C6-A266-A06B82FA2606}.Debug|Any CPU.Build.0 = Debug|Any CPU
		{E84F5F2A-7648-47C6-A266-A06B82FA2606}.Release|Any CPU.ActiveCfg = Release|Any CPU
		{E84F5F2A-7648-47C6-A266-A06B82FA2606}.Release|Any CPU.Build.0 = Release|Any CPU
		{F17731F1-5360-46A2-9D41-A3674519672E}.Debug|Any CPU.ActiveCfg = Debug|Any CPU
		{F17731F1-5360-46A2-9D41-A3674519672E}.Debug|Any CPU.Build.0 = Debug|Any CPU
		{F17731F1-5360-46A2-9D41-A3674519672E}.Release|Any CPU.ActiveCfg = Release|Any CPU
		{F17731F1-5360-46A2-9D41-A3674519672E}.Release|Any CPU.Build.0 = Release|Any CPU
		{C74EF121-95AD-40D5-94A1-5DE7688F6B52}.Debug|Any CPU.ActiveCfg = Debug|Any CPU
		{C74EF121-95AD-40D5-94A1-5DE7688F6B52}.Debug|Any CPU.Build.0 = Debug|Any CPU
		{C74EF121-95AD-40D5-94A1-5DE7688F6B52}.Release|Any CPU.ActiveCfg = Release|Any CPU
		{C74EF121-95AD-40D5-94A1-5DE7688F6B52}.Release|Any CPU.Build.0 = Release|Any CPU
		{E53DFB8C-E7E2-475D-B1E5-C10677A1705E}.Debug|Any CPU.ActiveCfg = Debug|Any CPU
		{E53DFB8C-E7E2-475D-B1E5-C10677A1705E}.Debug|Any CPU.Build.0 = Debug|Any CPU
		{E53DFB8C-E7E2-475D-B1E5-C10677A1705E}.Release|Any CPU.ActiveCfg = Release|Any CPU
		{E53DFB8C-E7E2-475D-B1E5-C10677A1705E}.Release|Any CPU.Build.0 = Release|Any CPU
		{AB55DA95-49F9-4882-80B4-CB255D2DDECD}.Debug|Any CPU.ActiveCfg = Debug|Any CPU
		{AB55DA95-49F9-4882-80B4-CB255D2DDECD}.Debug|Any CPU.Build.0 = Debug|Any CPU
		{AB55DA95-49F9-4882-80B4-CB255D2DDECD}.Release|Any CPU.ActiveCfg = Release|Any CPU
		{AB55DA95-49F9-4882-80B4-CB255D2DDECD}.Release|Any CPU.Build.0 = Release|Any CPU
		{D52FCD33-CCAD-4F89-8784-A094FCFAB08E}.Debug|Any CPU.ActiveCfg = Debug|Any CPU
		{D52FCD33-CCAD-4F89-8784-A094FCFAB08E}.Debug|Any CPU.Build.0 = Debug|Any CPU
		{D52FCD33-CCAD-4F89-8784-A094FCFAB08E}.Release|Any CPU.ActiveCfg = Release|Any CPU
		{D52FCD33-CCAD-4F89-8784-A094FCFAB08E}.Release|Any CPU.Build.0 = Release|Any CPU
		{FD9D6F9F-D40E-497C-9775-F4D759D94FB7}.Debug|Any CPU.ActiveCfg = Debug|Any CPU
		{FD9D6F9F-D40E-497C-9775-F4D759D94FB7}.Debug|Any CPU.Build.0 = Debug|Any CPU
		{FD9D6F9F-D40E-497C-9775-F4D759D94FB7}.Release|Any CPU.ActiveCfg = Release|Any CPU
		{FD9D6F9F-D40E-497C-9775-F4D759D94FB7}.Release|Any CPU.Build.0 = Release|Any CPU
		{0B4EFE49-A640-4F17-BBC5-EA1ACB46586A}.Debug|Any CPU.ActiveCfg = Debug|Any CPU
		{0B4EFE49-A640-4F17-BBC5-EA1ACB46586A}.Debug|Any CPU.Build.0 = Debug|Any CPU
		{0B4EFE49-A640-4F17-BBC5-EA1ACB46586A}.Release|Any CPU.ActiveCfg = Release|Any CPU
		{0B4EFE49-A640-4F17-BBC5-EA1ACB46586A}.Release|Any CPU.Build.0 = Release|Any CPU
	EndGlobalSection
	GlobalSection(SolutionProperties) = preSolution
		HideSolutionNode = FALSE
	EndGlobalSection
	GlobalSection(NestedProjects) = preSolution
		{1A5157B1-6E41-4264-BDFD-B1C5FD4D7C2A} = {3D89A524-F654-4222-8FE3-E999BABBE5E7}
		{0DAA056B-1C66-48F6-9AFB-1FD1B780508C} = {AB8F4EB5-25AB-4861-AD4C-30D6F5E875F4}
		{FD5496AA-B2AC-4DC3-BCA7-5F4806EBAC97} = {CB1345B3-56B9-49B5-BF17-C7667C847E22}
		{265F1D68-8EF4-4FF7-BBBD-8E67827C5917} = {CB1345B3-56B9-49B5-BF17-C7667C847E22}
		{852C9383-DE81-419B-9194-C9D46126F571} = {265F1D68-8EF4-4FF7-BBBD-8E67827C5917}
		{263B597E-B105-490F-A5D8-4C63DE87D4A3} = {A86F1E38-3B9D-441A-984F-F0FB56463590}
		{9FE84EAE-F3DE-4C82-B6CB-AD9C063A4519} = {AB8F4EB5-25AB-4861-AD4C-30D6F5E875F4}
		{3EDFA0F1-89E8-4B26-9C29-9D854EFAC658} = {9FE84EAE-F3DE-4C82-B6CB-AD9C063A4519}
		{E84F5F2A-7648-47C6-A266-A06B82FA2606} = {265F1D68-8EF4-4FF7-BBBD-8E67827C5917}
		{F17731F1-5360-46A2-9D41-A3674519672E} = {265F1D68-8EF4-4FF7-BBBD-8E67827C5917}
		{C74EF121-95AD-40D5-94A1-5DE7688F6B52} = {3D89A524-F654-4222-8FE3-E999BABBE5E7}
		{BED64075-6785-4BDA-A860-67649D5D772B} = {AB8F4EB5-25AB-4861-AD4C-30D6F5E875F4}
		{E53DFB8C-E7E2-475D-B1E5-C10677A1705E} = {BED64075-6785-4BDA-A860-67649D5D772B}
		{EE4DA81F-F62C-4215-B590-5787306E987A} = {A86F1E38-3B9D-441A-984F-F0FB56463590}
		{1B5673C1-A3FF-40C9-8389-AAB441B7B450} = {EE4DA81F-F62C-4215-B590-5787306E987A}
		{AB55DA95-49F9-4882-80B4-CB255D2DDECD} = {9FE84EAE-F3DE-4C82-B6CB-AD9C063A4519}
		{6C24E1FD-EF6B-48DC-BA20-9BFDB5341D3B} = {AB8F4EB5-25AB-4861-AD4C-30D6F5E875F4}
		{816ED291-6C2E-412C-BF35-B9965FC9999B} = {AB8F4EB5-25AB-4861-AD4C-30D6F5E875F4}
		{D52FCD33-CCAD-4F89-8784-A094FCFAB08E} = {6C24E1FD-EF6B-48DC-BA20-9BFDB5341D3B}
		{FD9D6F9F-D40E-497C-9775-F4D759D94FB7} = {6C24E1FD-EF6B-48DC-BA20-9BFDB5341D3B}
		{0B4EFE49-A640-4F17-BBC5-EA1ACB46586A} = {6C24E1FD-EF6B-48DC-BA20-9BFDB5341D3B}
	EndGlobalSection
	GlobalSection(ExtensibilityGlobals) = postSolution
		SolutionGuid = {576D061A-08BD-48E3-B064-23BEF5036C89}
	EndGlobalSection
EndGlobal
